<?xml version="1.0" encoding="utf-8"?>
<Project ToolsVersion="4.0" xmlns="http://schemas.microsoft.com/developer/msbuild/2003">
  <ItemGroup>
    <CustomBuild Include="..\src\Core\Common.h">
    </CustomBuild>
    <CustomBuild Include="..\src\Core\HashTable.cpp">
    </CustomBuild>
    <CustomBuild Include="..\src\Core\HashTable.h">
    </CustomBuild>
    <CustomBuild Include="..\src\Core\MathDef.h">
    </CustomBuild>
    <CustomBuild Include="..\src\Core\MetaInfo.h">
    </CustomBuild>
    <CustomBuild Include="..\src\Core\StorageHandler.h">
    </CustomBuild>
    <CustomBuild Include="..\src\Core\String.cpp">
    </CustomBuild>
    <CustomBuild Include="..\src\Core\String.h">
    </CustomBuild>
    <CustomBuild Include="..\src\Core\WindowsCommon.h">
    </CustomBuild>
  </ItemGroup>
</Project>