<?xml version="1.0" encoding="utf-8"?>
<Project ToolsVersion="4.0" xmlns="http://schemas.microsoft.com/developer/msbuild/2003">
  <ItemGroup>
    <CustomBuild Include="..\src\Core\Common.h">
    </CustomBuild>
    <CustomBuild Include="..\src\Core\HashTable.cpp">
    </CustomBuild>
    <CustomBuild Include="..\src\Core\HashTable.h">
    </CustomBuild>
    <CustomBuild Include="..\src\Core\MathDef.h">
    </CustomBuild>
    <CustomBuild Include="..\src\Core\MetaInfo.h">
    </CustomBuild>
    <CustomBuild Include="..\src\Core\StorageHandler.h">
    </CustomBuild>
    <CustomBuild Include="..\src\Core\String.cpp">
    </CustomBuild>
    <CustomBuild Include="..\src\Core\String.h">
    </CustomBuild>
    <CustomBuild Include="..\src\Core\WindowsCommon.h">
    </CustomBuild>
    <CustomBuild Include="..\src\Game\Player.cpp">
    </CustomBuild>
    <CustomBuild Include="..\src\Game\Player.h">
    </CustomBuild>
    <CustomBuild Include="..\src\Game\Source.cpp">
    </CustomBuild>
    <CustomBuild Include="..\src\GameEngine\Editor\GUI\Console.cpp">
      <Filter>Editor\GUI</Filter>
    </CustomBuild>
    <CustomBuild Include="..\src\GameEngine\Editor\GUI\Console.h">
      <Filter>Editor\GUI</Filter>
    </CustomBuild>
    <CustomBuild Include="..\src\GameEngine\Editor\GUI\ImGuiImpl.h">
      <Filter>Editor\GUI</Filter>
    </CustomBuild>
    <CustomBuild Include="..\src\GameEngine\Editor\GUI\MainMenuBar.cpp">
      <Filter>Editor\GUI</Filter>
    </CustomBuild>
    <CustomBuild Include="..\src\GameEngine\Editor\GUI\MainWindow.cpp">
      <Filter>Editor\GUI</Filter>
    </CustomBuild>
    <CustomBuild Include="..\src\GameEngine\Editor\GUI\MainWindow.h">
      <Filter>Editor\GUI</Filter>
    </CustomBuild>
    <CustomBuild Include="..\src\GameEngine\Engines\Physics\ForceGenerator.cpp">
      <Filter>Engines\Physics</Filter>
    </CustomBuild>
    <CustomBuild Include="..\src\GameEngine\Engines\Physics\ForceGenerator.h">
      <Filter>Engines\Physics</Filter>
    </CustomBuild>
    <CustomBuild Include="..\src\GameEngine\Engines\Physics\PhysicsEngine.h">
      <Filter>Engines\Physics</Filter>
    </CustomBuild>
    <CustomBuild Include="..\src\GameEngine\Engines\Physics\PointMass.cpp">
      <Filter>Engines\Physics</Filter>
    </CustomBuild>
    <CustomBuild Include="..\src\GameEngine\Engines\Physics\PointMass.h">
      <Filter>Engines\Physics</Filter>
    </CustomBuild>
    <CustomBuild Include="..\src\GameEngine\Engines\Physics\RigidBody.h">
      <Filter>Engines\Physics</Filter>
    </CustomBuild>
    <CustomBuild Include="..\src\GameEngine\Engines\Renderer\Camera.h">
      <Filter>Engines\Renderer</Filter>
    </CustomBuild>
    <CustomBuild Include="..\src\GameEngine\Engines\Renderer\Mesh.cpp">
      <Filter>Engines\Renderer</Filter>
    </CustomBuild>
    <CustomBuild Include="..\src\GameEngine\Engines\Renderer\Mesh.h">
      <Filter>Engines\Renderer</Filter>
    </CustomBuild>
    <CustomBuild Include="..\src\GameEngine\Engines\Renderer\OpenGL.cpp">
      <Filter>Engines\Renderer</Filter>
    </CustomBuild>
    <CustomBuild Include="..\src\GameEngine\Engines\Renderer\OpenGL.h">
      <Filter>Engines\Renderer</Filter>
    </CustomBuild>
    <CustomBuild Include="..\src\GameEngine\Engines\Renderer\OpenGLRender.cpp">
      <Filter>Engines\Renderer</Filter>
    </CustomBuild>
    <CustomBuild Include="..\src\GameEngine\Engines\Renderer\Shaders.h">
      <Filter>Engines\Renderer</Filter>
    </CustomBuild>
    <CustomBuild Include="..\src\GameEngine\Engines\Renderer\Texture.cpp">
      <Filter>Engines\Renderer</Filter>
    </CustomBuild>
    <CustomBuild Include="..\src\GameEngine\Engines\Renderer\Texture.h">
      <Filter>Engines\Renderer</Filter>
    </CustomBuild>
    <CustomBuild Include="..\src\GameEngine\Interface\Engine.h">
      <Filter>Interface</Filter>
    </CustomBuild>
    <CustomBuild Include="..\src\GameEngine\Maths\Calcs.cpp">
      <Filter>Maths</Filter>
    </CustomBuild>
    <CustomBuild Include="..\src\GameEngine\Maths\Matrix.cpp">
      <Filter>Maths</Filter>
    </CustomBuild>
    <CustomBuild Include="..\src\GameEngine\Maths\Matrix.h">
      <Filter>Maths</Filter>
    </CustomBuild>
    <CustomBuild Include="..\src\GameEngine\Maths\Quaternions.cpp">
      <Filter>Maths</Filter>
    </CustomBuild>
    <CustomBuild Include="..\src\GameEngine\Maths\Quaternions.h">
      <Filter>Maths</Filter>
    </CustomBuild>
    <CustomBuild Include="..\src\GameEngine\Maths\Vector.cpp">
      <Filter>Maths</Filter>
    </CustomBuild>
    <CustomBuild Include="..\src\GameEngine\Maths\Vector.h">
      <Filter>Maths</Filter>
    </CustomBuild>
  </ItemGroup>
  <ItemGroup>
    <Filter Include="Editor\GUI">
      <UniqueIdentifier>{fbf306b4-6c94-4f93-bc2a-7f5284b7d434}</UniqueIdentifier>
    </Filter>
  </ItemGroup>
  <ItemGroup>
    <Filter Include="Editor">
      <UniqueIdentifier>{75d685d8-6c94-4f93-bc2a-7f5284b7d434}</UniqueIdentifier>
    </Filter>
  </ItemGroup>
  <ItemGroup>
    <Filter Include="Engines\Physics">
      <UniqueIdentifier>{9303256c-6c94-4f93-bc2a-7f5284b7d434}</UniqueIdentifier>
    </Filter>
  </ItemGroup>
  <ItemGroup>
    <Filter Include="Engines">
      <UniqueIdentifier>{a793bc1c-6c94-4f93-bc2a-7f5284b7d434}</UniqueIdentifier>
    </Filter>
  </ItemGroup>
  <ItemGroup>
    <Filter Include="Engines\Renderer">
      <UniqueIdentifier>{fff5a749-6c94-4f93-bc2a-7f5284b7d434}</UniqueIdentifier>
    </Filter>
  </ItemGroup>
  <ItemGroup>
    <Filter Include="Interface">
      <UniqueIdentifier>{866dd479-6c94-4f93-bc2a-7f5284b7d434}</UniqueIdentifier>
    </Filter>
  </ItemGroup>
  <ItemGroup>
    <Filter Include="Maths">
      <UniqueIdentifier>{cc32aaed-6c94-4f93-bc2a-7f5284b7d434}</UniqueIdentifier>
    </Filter>
  </ItemGroup>
</Project>